
Microsoft Visual Studio Solution File, Format Version 12.00
# Visual Studio Version 17
VisualStudioVersion = 17.5.002.0
MinimumVisualStudioVersion = 10.0.40219.1
Project("{9A19103F-16F7-4668-BE54-9A1E7A4F7556}") = "SkipLauncherAndIntro", "SkipLauncherAndIntro.csproj", "{CF829E7C-D9A7-452D-8A98-80B8A5EB6AFD}"
EndProject
Global
	GlobalSection(SolutionConfigurationPlatforms) = preSolution
		Debug|Any CPU = Debug|Any CPU
		Release|Any CPU = Release|Any CPU
	EndGlobalSection
	GlobalSection(ProjectConfigurationPlatforms) = postSolution
		{CF829E7C-D9A7-452D-8A98-80B8A5EB6AFD}.Debug|Any CPU.ActiveCfg = Debug|Any CPU
		{CF829E7C-D9A7-452D-8A98-80B8A5EB6AFD}.Debug|Any CPU.Build.0 = Debug|Any CPU
		{CF829E7C-D9A7-452D-8A98-80B8A5EB6AFD}.Release|Any CPU.ActiveCfg = Release|Any CPU
		{CF829E7C-D9A7-452D-8A98-80B8A5EB6AFD}.Release|Any CPU.Build.0 = Release|Any CPU
	EndGlobalSection
	GlobalSection(SolutionProperties) = preSolution
		HideSolutionNode = FALSE
	EndGlobalSection
	GlobalSection(ExtensibilityGlobals) = postSolution
		SolutionGuid = {B7943048-1A30-4799-9912-DD21CE7316E3}
	EndGlobalSection
EndGlobal
