
Microsoft Visual Studio Solution File, Format Version 12.00
# Visual Studio Version 17
VisualStudioVersion = 17.11.35327.3
MinimumVisualStudioVersion = 10.0.40219.1
Project("{9A19103F-16F7-4668-BE54-9A1E7A4F7556}") = "DataKit", "DataKit.csproj", "{91E8181A-FAEC-445D-AFA8-9F01A359DEF6}"
EndProject
Global
	GlobalSection(SolutionConfigurationPlatforms) = preSolution
		Debug|Any CPU = Debug|Any CPU
		Release to .zip|Any CPU = Release to .zip|Any CPU
		Release to GameDir|Any CPU = Release to GameDir|Any CPU
		Release|Any CPU = Release|Any CPU
	EndGlobalSection
	GlobalSection(ProjectConfigurationPlatforms) = postSolution
		{91E8181A-FAEC-445D-AFA8-9F01A359DEF6}.Debug|Any CPU.ActiveCfg = Debug|Any CPU
		{91E8181A-FAEC-445D-AFA8-9F01A359DEF6}.Debug|Any CPU.Build.0 = Debug|Any CPU
		{91E8181A-FAEC-445D-AFA8-9F01A359DEF6}.Release to .zip|Any CPU.ActiveCfg = Release to .zip|Any CPU
		{91E8181A-FAEC-445D-AFA8-9F01A359DEF6}.Release to .zip|Any CPU.Build.0 = Release to .zip|Any CPU
		{91E8181A-FAEC-445D-AFA8-9F01A359DEF6}.Release to GameDir|Any CPU.ActiveCfg = Release to GameDir|Any CPU
		{91E8181A-FAEC-445D-AFA8-9F01A359DEF6}.Release to GameDir|Any CPU.Build.0 = Release to GameDir|Any CPU
		{91E8181A-FAEC-445D-AFA8-9F01A359DEF6}.Release|Any CPU.ActiveCfg = Release|Any CPU
		{91E8181A-FAEC-445D-AFA8-9F01A359DEF6}.Release|Any CPU.Build.0 = Release|Any CPU
	EndGlobalSection
	GlobalSection(SolutionProperties) = preSolution
		HideSolutionNode = FALSE
	EndGlobalSection
	GlobalSection(ExtensibilityGlobals) = postSolution
		SolutionGuid = {2C1C2728-2AFE-4DB8-A262-F2C3772123C0}
	EndGlobalSection
EndGlobal
